// !$*UTF8*$!
{
	archiveVersion = 1;
	classes = {
	};
	objectVersion = 46;
	objects = {

/* Begin PBXBuildFile section */
		3023BBBA1BA867580085F258 /* main.m in Sources */ = {isa = PBXBuildFile; fileRef = 3023BBB91BA867580085F258 /* main.m */; };
		3023BBBD1BA867580085F258 /* AppDelegate.m in Sources */ = {isa = PBXBuildFile; fileRef = 3023BBBC1BA867580085F258 /* AppDelegate.m */; };
		3023BBC01BA867580085F258 /* xiaoxiaoApp.xcdatamodeld in Sources */ = {isa = PBXBuildFile; fileRef = 3023BBBE1BA867580085F258 /* xiaoxiaoApp.xcdatamodeld */; };
		3023BBC31BA867580085F258 /* MainPageViewController.m in Sources */ = {isa = PBXBuildFile; fileRef = 3023BBC21BA867580085F258 /* MainPageViewController.m */; };
		3023BBC61BA867580085F258 /* Main.storyboard in Resources */ = {isa = PBXBuildFile; fileRef = 3023BBC41BA867580085F258 /* Main.storyboard */; };
		3023BBC81BA867580085F258 /* Images.xcassets in Resources */ = {isa = PBXBuildFile; fileRef = 3023BBC71BA867580085F258 /* Images.xcassets */; };
		3023BBCB1BA867580085F258 /* LaunchScreen.xib in Resources */ = {isa = PBXBuildFile; fileRef = 3023BBC91BA867580085F258 /* LaunchScreen.xib */; };
		3023BBD71BA867590085F258 /* xiaoxiaoAppTests.m in Sources */ = {isa = PBXBuildFile; fileRef = 3023BBD61BA867590085F258 /* xiaoxiaoAppTests.m */; };
		3023BBEF1BA867A50085F258 /* MyFrameLayout.m in Sources */ = {isa = PBXBuildFile; fileRef = 3023BBE21BA867A50085F258 /* MyFrameLayout.m */; };
		3023BBF01BA867A50085F258 /* MyLayoutBase.m in Sources */ = {isa = PBXBuildFile; fileRef = 3023BBE51BA867A50085F258 /* MyLayoutBase.m */; };
		3023BBF11BA867A50085F258 /* MyLinearLayout.m in Sources */ = {isa = PBXBuildFile; fileRef = 3023BBE81BA867A50085F258 /* MyLinearLayout.m */; };
		3023BBF21BA867A50085F258 /* MyMaker.m in Sources */ = {isa = PBXBuildFile; fileRef = 3023BBEA1BA867A50085F258 /* MyMaker.m */; };
		3023BBF31BA867A50085F258 /* MyRelativeLayout.m in Sources */ = {isa = PBXBuildFile; fileRef = 3023BBEC1BA867A50085F258 /* MyRelativeLayout.m */; };
		3023BBF41BA867A50085F258 /* MyTableLayout.m in Sources */ = {isa = PBXBuildFile; fileRef = 3023BBEE1BA867A50085F258 /* MyTableLayout.m */; };
		3023BBF71BA867D80085F258 /* LeftSortsViewController.m in Sources */ = {isa = PBXBuildFile; fileRef = 3023BBF61BA867D80085F258 /* LeftSortsViewController.m */; };
		3023BBFB1BA8681A0085F258 /* LeftSlideViewController.m in Sources */ = {isa = PBXBuildFile; fileRef = 3023BBFA1BA8681A0085F258 /* LeftSlideViewController.m */; };
		3023BBFE1BA868990085F258 /* UIView_extra.m in Sources */ = {isa = PBXBuildFile; fileRef = 3023BBFD1BA868990085F258 /* UIView_extra.m */; };
		3023BC011BA86ADA0085F258 /* otherViewController.m in Sources */ = {isa = PBXBuildFile; fileRef = 3023BC001BA86ADA0085F258 /* otherViewController.m */; };
/* End PBXBuildFile section */

/* Begin PBXContainerItemProxy section */
		3023BBD11BA867590085F258 /* PBXContainerItemProxy */ = {
			isa = PBXContainerItemProxy;
			containerPortal = 3023BBAC1BA867580085F258 /* Project object */;
			proxyType = 1;
			remoteGlobalIDString = 3023BBB31BA867580085F258;
			remoteInfo = xiaoxiaoApp;
		};
/* End PBXContainerItemProxy section */

/* Begin PBXFileReference section */
		3023BBB41BA867580085F258 /* xiaoxiaoApp.app */ = {isa = PBXFileReference; explicitFileType = wrapper.application; includeInIndex = 0; path = xiaoxiaoApp.app; sourceTree = BUILT_PRODUCTS_DIR; };
		3023BBB81BA867580085F258 /* Info.plist */ = {isa = PBXFileReference; lastKnownFileType = text.plist.xml; path = Info.plist; sourceTree = "<group>"; };
		3023BBB91BA867580085F258 /* main.m */ = {isa = PBXFileReference; lastKnownFileType = sourcecode.c.objc; path = main.m; sourceTree = "<group>"; };
		3023BBBB1BA867580085F258 /* AppDelegate.h */ = {isa = PBXFileReference; lastKnownFileType = sourcecode.c.h; path = AppDelegate.h; sourceTree = "<group>"; };
		3023BBBC1BA867580085F258 /* AppDelegate.m */ = {isa = PBXFileReference; lastKnownFileType = sourcecode.c.objc; path = AppDelegate.m; sourceTree = "<group>"; };
		3023BBBF1BA867580085F258 /* xiaoxiaoApp.xcdatamodel */ = {isa = PBXFileReference; lastKnownFileType = wrapper.xcdatamodel; path = xiaoxiaoApp.xcdatamodel; sourceTree = "<group>"; };
		3023BBC11BA867580085F258 /* MainPageViewController.h */ = {isa = PBXFileReference; lastKnownFileType = sourcecode.c.h; path = MainPageViewController.h; sourceTree = "<group>"; };
		3023BBC21BA867580085F258 /* MainPageViewController.m */ = {isa = PBXFileReference; lastKnownFileType = sourcecode.c.objc; path = MainPageViewController.m; sourceTree = "<group>"; };
		3023BBC51BA867580085F258 /* Base */ = {isa = PBXFileReference; lastKnownFileType = file.storyboard; name = Base; path = Base.lproj/Main.storyboard; sourceTree = "<group>"; };
		3023BBC71BA867580085F258 /* Images.xcassets */ = {isa = PBXFileReference; lastKnownFileType = folder.assetcatalog; path = Images.xcassets; sourceTree = "<group>"; };
		3023BBCA1BA867580085F258 /* Base */ = {isa = PBXFileReference; lastKnownFileType = file.xib; name = Base; path = Base.lproj/LaunchScreen.xib; sourceTree = "<group>"; };
		3023BBD01BA867590085F258 /* xiaoxiaoAppTests.xctest */ = {isa = PBXFileReference; explicitFileType = wrapper.cfbundle; includeInIndex = 0; path = xiaoxiaoAppTests.xctest; sourceTree = BUILT_PRODUCTS_DIR; };
		3023BBD51BA867590085F258 /* Info.plist */ = {isa = PBXFileReference; lastKnownFileType = text.plist.xml; path = Info.plist; sourceTree = "<group>"; };
		3023BBD61BA867590085F258 /* xiaoxiaoAppTests.m */ = {isa = PBXFileReference; lastKnownFileType = sourcecode.c.objc; path = xiaoxiaoAppTests.m; sourceTree = "<group>"; };
		3023BBE11BA867A50085F258 /* MyFrameLayout.h */ = {isa = PBXFileReference; fileEncoding = 4; lastKnownFileType = sourcecode.c.h; path = MyFrameLayout.h; sourceTree = "<group>"; };
		3023BBE21BA867A50085F258 /* MyFrameLayout.m */ = {isa = PBXFileReference; fileEncoding = 4; lastKnownFileType = sourcecode.c.objc; path = MyFrameLayout.m; sourceTree = "<group>"; };
		3023BBE31BA867A50085F258 /* MyLayout.h */ = {isa = PBXFileReference; fileEncoding = 4; lastKnownFileType = sourcecode.c.h; path = MyLayout.h; sourceTree = "<group>"; };
		3023BBE41BA867A50085F258 /* MyLayoutBase.h */ = {isa = PBXFileReference; fileEncoding = 4; lastKnownFileType = sourcecode.c.h; path = MyLayoutBase.h; sourceTree = "<group>"; };
		3023BBE51BA867A50085F258 /* MyLayoutBase.m */ = {isa = PBXFileReference; fileEncoding = 4; lastKnownFileType = sourcecode.c.objc; path = MyLayoutBase.m; sourceTree = "<group>"; };
		3023BBE61BA867A50085F258 /* MyLayoutInner.h */ = {isa = PBXFileReference; fileEncoding = 4; lastKnownFileType = sourcecode.c.h; path = MyLayoutInner.h; sourceTree = "<group>"; };
		3023BBE71BA867A50085F258 /* MyLinearLayout.h */ = {isa = PBXFileReference; fileEncoding = 4; lastKnownFileType = sourcecode.c.h; path = MyLinearLayout.h; sourceTree = "<group>"; };
		3023BBE81BA867A50085F258 /* MyLinearLayout.m */ = {isa = PBXFileReference; fileEncoding = 4; lastKnownFileType = sourcecode.c.objc; path = MyLinearLayout.m; sourceTree = "<group>"; };
		3023BBE91BA867A50085F258 /* MyMaker.h */ = {isa = PBXFileReference; fileEncoding = 4; lastKnownFileType = sourcecode.c.h; path = MyMaker.h; sourceTree = "<group>"; };
		3023BBEA1BA867A50085F258 /* MyMaker.m */ = {isa = PBXFileReference; fileEncoding = 4; lastKnownFileType = sourcecode.c.objc; path = MyMaker.m; sourceTree = "<group>"; };
		3023BBEB1BA867A50085F258 /* MyRelativeLayout.h */ = {isa = PBXFileReference; fileEncoding = 4; lastKnownFileType = sourcecode.c.h; path = MyRelativeLayout.h; sourceTree = "<group>"; };
		3023BBEC1BA867A50085F258 /* MyRelativeLayout.m */ = {isa = PBXFileReference; fileEncoding = 4; lastKnownFileType = sourcecode.c.objc; path = MyRelativeLayout.m; sourceTree = "<group>"; };
		3023BBED1BA867A50085F258 /* MyTableLayout.h */ = {isa = PBXFileReference; fileEncoding = 4; lastKnownFileType = sourcecode.c.h; path = MyTableLayout.h; sourceTree = "<group>"; };
		3023BBEE1BA867A50085F258 /* MyTableLayout.m */ = {isa = PBXFileReference; fileEncoding = 4; lastKnownFileType = sourcecode.c.objc; path = MyTableLayout.m; sourceTree = "<group>"; };
		3023BBF51BA867D80085F258 /* LeftSortsViewController.h */ = {isa = PBXFileReference; fileEncoding = 4; lastKnownFileType = sourcecode.c.h; path = LeftSortsViewController.h; sourceTree = "<group>"; };
		3023BBF61BA867D80085F258 /* LeftSortsViewController.m */ = {isa = PBXFileReference; fileEncoding = 4; lastKnownFileType = sourcecode.c.objc; path = LeftSortsViewController.m; sourceTree = "<group>"; };
		3023BBF91BA8681A0085F258 /* LeftSlideViewController.h */ = {isa = PBXFileReference; fileEncoding = 4; lastKnownFileType = sourcecode.c.h; path = LeftSlideViewController.h; sourceTree = "<group>"; };
		3023BBFA1BA8681A0085F258 /* LeftSlideViewController.m */ = {isa = PBXFileReference; fileEncoding = 4; lastKnownFileType = sourcecode.c.objc; path = LeftSlideViewController.m; sourceTree = "<group>"; };
		3023BBFC1BA868990085F258 /* UIView_extra.h */ = {isa = PBXFileReference; fileEncoding = 4; lastKnownFileType = sourcecode.c.h; path = UIView_extra.h; sourceTree = "<group>"; };
		3023BBFD1BA868990085F258 /* UIView_extra.m */ = {isa = PBXFileReference; fileEncoding = 4; lastKnownFileType = sourcecode.c.objc; path = UIView_extra.m; sourceTree = "<group>"; };
		3023BBFF1BA86ADA0085F258 /* otherViewController.h */ = {isa = PBXFileReference; fileEncoding = 4; lastKnownFileType = sourcecode.c.h; path = otherViewController.h; sourceTree = "<group>"; };
		3023BC001BA86ADA0085F258 /* otherViewController.m */ = {isa = PBXFileReference; fileEncoding = 4; lastKnownFileType = sourcecode.c.objc; path = otherViewController.m; sourceTree = "<group>"; };
/* End PBXFileReference section */

/* Begin PBXFrameworksBuildPhase section */
		3023BBB11BA867580085F258 /* Frameworks */ = {
			isa = PBXFrameworksBuildPhase;
			buildActionMask = 2147483647;
			files = (
			);
			runOnlyForDeploymentPostprocessing = 0;
		};
		3023BBCD1BA867590085F258 /* Frameworks */ = {
			isa = PBXFrameworksBuildPhase;
			buildActionMask = 2147483647;
			files = (
			);
			runOnlyForDeploymentPostprocessing = 0;
		};
/* End PBXFrameworksBuildPhase section */

/* Begin PBXGroup section */
		3023BBAB1BA867580085F258 = {
			isa = PBXGroup;
			children = (
				3023BBE01BA867A50085F258 /* MyLayout */,
				3023BBB61BA867580085F258 /* xiaoxiaoApp */,
				3023BBD31BA867590085F258 /* xiaoxiaoAppTests */,
				3023BBB51BA867580085F258 /* Products */,
			);
			sourceTree = "<group>";
		};
		3023BBB51BA867580085F258 /* Products */ = {
			isa = PBXGroup;
			children = (
				3023BBB41BA867580085F258 /* xiaoxiaoApp.app */,
				3023BBD01BA867590085F258 /* xiaoxiaoAppTests.xctest */,
			);
			name = Products;
			sourceTree = "<group>";
		};
		3023BBB61BA867580085F258 /* xiaoxiaoApp */ = {
			isa = PBXGroup;
			children = (
				3023BBF81BA867EC0085F258 /* LeftSlideViewController */,
				3023BBBB1BA867580085F258 /* AppDelegate.h */,
				3023BBBC1BA867580085F258 /* AppDelegate.m */,
				3023BBC11BA867580085F258 /* MainPageViewController.h */,
				3023BBC21BA867580085F258 /* MainPageViewController.m */,
				3023BBF51BA867D80085F258 /* LeftSortsViewController.h */,
				3023BBF61BA867D80085F258 /* LeftSortsViewController.m */,
				3023BBFF1BA86ADA0085F258 /* otherViewController.h */,
				3023BC001BA86ADA0085F258 /* otherViewController.m */,
				3023BBC41BA867580085F258 /* Main.storyboard */,
				3023BBC71BA867580085F258 /* Images.xcassets */,
				3023BBC91BA867580085F258 /* LaunchScreen.xib */,
				3023BBBE1BA867580085F258 /* xiaoxiaoApp.xcdatamodeld */,
				3023BBB71BA867580085F258 /* Supporting Files */,
			);
			path = xiaoxiaoApp;
			sourceTree = "<group>";
		};
		3023BBB71BA867580085F258 /* Supporting Files */ = {
			isa = PBXGroup;
			children = (
				3023BBB81BA867580085F258 /* Info.plist */,
				3023BBB91BA867580085F258 /* main.m */,
			);
			name = "Supporting Files";
			sourceTree = "<group>";
		};
		3023BBD31BA867590085F258 /* xiaoxiaoAppTests */ = {
			isa = PBXGroup;
			children = (
				3023BBD61BA867590085F258 /* xiaoxiaoAppTests.m */,
				3023BBD41BA867590085F258 /* Supporting Files */,
			);
			path = xiaoxiaoAppTests;
			sourceTree = "<group>";
		};
		3023BBD41BA867590085F258 /* Supporting Files */ = {
			isa = PBXGroup;
			children = (
				3023BBD51BA867590085F258 /* Info.plist */,
			);
			name = "Supporting Files";
			sourceTree = "<group>";
		};
		3023BBE01BA867A50085F258 /* MyLayout */ = {
			isa = PBXGroup;
			children = (
				3023BBE11BA867A50085F258 /* MyFrameLayout.h */,
				3023BBE21BA867A50085F258 /* MyFrameLayout.m */,
				3023BBE31BA867A50085F258 /* MyLayout.h */,
				3023BBE41BA867A50085F258 /* MyLayoutBase.h */,
				3023BBE51BA867A50085F258 /* MyLayoutBase.m */,
				3023BBE61BA867A50085F258 /* MyLayoutInner.h */,
				3023BBE71BA867A50085F258 /* MyLinearLayout.h */,
				3023BBE81BA867A50085F258 /* MyLinearLayout.m */,
				3023BBE91BA867A50085F258 /* MyMaker.h */,
				3023BBEA1BA867A50085F258 /* MyMaker.m */,
				3023BBEB1BA867A50085F258 /* MyRelativeLayout.h */,
				3023BBEC1BA867A50085F258 /* MyRelativeLayout.m */,
				3023BBED1BA867A50085F258 /* MyTableLayout.h */,
				3023BBEE1BA867A50085F258 /* MyTableLayout.m */,
			);
			name = MyLayout;
			path = xiaoxiaoApp/MyLayout;
			sourceTree = "<group>";
		};
		3023BBF81BA867EC0085F258 /* LeftSlideViewController */ = {
			isa = PBXGroup;
			children = (
				3023BBF91BA8681A0085F258 /* LeftSlideViewController.h */,
				3023BBFA1BA8681A0085F258 /* LeftSlideViewController.m */,
				3023BBFC1BA868990085F258 /* UIView_extra.h */,
				3023BBFD1BA868990085F258 /* UIView_extra.m */,
			);
			name = LeftSlideViewController;
			sourceTree = "<group>";
		};
/* End PBXGroup section */

/* Begin PBXNativeTarget section */
		3023BBB31BA867580085F258 /* xiaoxiaoApp */ = {
			isa = PBXNativeTarget;
			buildConfigurationList = 3023BBDA1BA867590085F258 /* Build configuration list for PBXNativeTarget "xiaoxiaoApp" */;
			buildPhases = (
				3023BBB01BA867580085F258 /* Sources */,
				3023BBB11BA867580085F258 /* Frameworks */,
				3023BBB21BA867580085F258 /* Resources */,
			);
			buildRules = (
			);
			dependencies = (
			);
			name = xiaoxiaoApp;
			productName = xiaoxiaoApp;
			productReference = 3023BBB41BA867580085F258 /* xiaoxiaoApp.app */;
			productType = "com.apple.product-type.application";
		};
		3023BBCF1BA867590085F258 /* xiaoxiaoAppTests */ = {
			isa = PBXNativeTarget;
			buildConfigurationList = 3023BBDD1BA867590085F258 /* Build configuration list for PBXNativeTarget "xiaoxiaoAppTests" */;
			buildPhases = (
				3023BBCC1BA867590085F258 /* Sources */,
				3023BBCD1BA867590085F258 /* Frameworks */,
				3023BBCE1BA867590085F258 /* Resources */,
			);
			buildRules = (
			);
			dependencies = (
				3023BBD21BA867590085F258 /* PBXTargetDependency */,
			);
			name = xiaoxiaoAppTests;
			productName = xiaoxiaoAppTests;
			productReference = 3023BBD01BA867590085F258 /* xiaoxiaoAppTests.xctest */;
			productType = "com.apple.product-type.bundle.unit-test";
		};
/* End PBXNativeTarget section */

/* Begin PBXProject section */
		3023BBAC1BA867580085F258 /* Project object */ = {
			isa = PBXProject;
			attributes = {
				LastUpgradeCheck = 0640;
				ORGANIZATIONNAME = "刘毅展";
				TargetAttributes = {
					3023BBB31BA867580085F258 = {
						CreatedOnToolsVersion = 6.4;
					};
					3023BBCF1BA867590085F258 = {
						CreatedOnToolsVersion = 6.4;
						TestTargetID = 3023BBB31BA867580085F258;
					};
				};
			};
			buildConfigurationList = 3023BBAF1BA867580085F258 /* Build configuration list for PBXProject "xiaoxiaoApp" */;
			compatibilityVersion = "Xcode 3.2";
			developmentRegion = English;
			hasScannedForEncodings = 0;
			knownRegions = (
				en,
				Base,
			);
			mainGroup = 3023BBAB1BA867580085F258;
			productRefGroup = 3023BBB51BA867580085F258 /* Products */;
			projectDirPath = "";
			projectRoot = "";
			targets = (
				3023BBB31BA867580085F258 /* xiaoxiaoApp */,
				3023BBCF1BA867590085F258 /* xiaoxiaoAppTests */,
			);
		};
/* End PBXProject section */

/* Begin PBXResourcesBuildPhase section */
		3023BBB21BA867580085F258 /* Resources */ = {
			isa = PBXResourcesBuildPhase;
			buildActionMask = 2147483647;
			files = (
				3023BBC61BA867580085F258 /* Main.storyboard in Resources */,
				3023BBCB1BA867580085F258 /* LaunchScreen.xib in Resources */,
				3023BBC81BA867580085F258 /* Images.xcassets in Resources */,
			);
			runOnlyForDeploymentPostprocessing = 0;
		};
		3023BBCE1BA867590085F258 /* Resources */ = {
			isa = PBXResourcesBuildPhase;
			buildActionMask = 2147483647;
			files = (
			);
			runOnlyForDeploymentPostprocessing = 0;
		};
/* End PBXResourcesBuildPhase section */

/* Begin PBXSourcesBuildPhase section */
		3023BBB01BA867580085F258 /* Sources */ = {
			isa = PBXSourcesBuildPhase;
			buildActionMask = 2147483647;
			files = (
				3023BBEF1BA867A50085F258 /* MyFrameLayout.m in Sources */,
				3023BBF71BA867D80085F258 /* LeftSortsViewController.m in Sources */,
				3023BBF31BA867A50085F258 /* MyRelativeLayout.m in Sources */,
				3023BBF41BA867A50085F258 /* MyTableLayout.m in Sources */,
				3023BBC01BA867580085F258 /* xiaoxiaoApp.xcdatamodeld in Sources */,
				3023BBF21BA867A50085F258 /* MyMaker.m in Sources */,
				3023BBF11BA867A50085F258 /* MyLinearLayout.m in Sources */,
				3023BBBD1BA867580085F258 /* AppDelegate.m in Sources */,
				3023BBC31BA867580085F258 /* MainPageViewController.m in Sources */,
				3023BBFE1BA868990085F258 /* UIView_extra.m in Sources */,
				3023BBF01BA867A50085F258 /* MyLayoutBase.m in Sources */,
				3023BC011BA86ADA0085F258 /* otherViewController.m in Sources */,
				3023BBBA1BA867580085F258 /* main.m in Sources */,
				3023BBFB1BA8681A0085F258 /* LeftSlideViewController.m in Sources */,
			);
			runOnlyForDeploymentPostprocessing = 0;
		};
		3023BBCC1BA867590085F258 /* Sources */ = {
			isa = PBXSourcesBuildPhase;
			buildActionMask = 2147483647;
			files = (
				3023BBD71BA867590085F258 /* xiaoxiaoAppTests.m in Sources */,
			);
			runOnlyForDeploymentPostprocessing = 0;
		};
/* End PBXSourcesBuildPhase section */

/* Begin PBXTargetDependency section */
		3023BBD21BA867590085F258 /* PBXTargetDependency */ = {
			isa = PBXTargetDependency;
			target = 3023BBB31BA867580085F258 /* xiaoxiaoApp */;
			targetProxy = 3023BBD11BA867590085F258 /* PBXContainerItemProxy */;
		};
/* End PBXTargetDependency section */

/* Begin PBXVariantGroup section */
		3023BBC41BA867580085F258 /* Main.storyboard */ = {
			isa = PBXVariantGroup;
			children = (
				3023BBC51BA867580085F258 /* Base */,
			);
			name = Main.storyboard;
			sourceTree = "<group>";
		};
		3023BBC91BA867580085F258 /* LaunchScreen.xib */ = {
			isa = PBXVariantGroup;
			children = (
				3023BBCA1BA867580085F258 /* Base */,
			);
			name = LaunchScreen.xib;
			sourceTree = "<group>";
		};
/* End PBXVariantGroup section */

/* Begin XCBuildConfiguration section */
		3023BBD81BA867590085F258 /* Debug */ = {
			isa = XCBuildConfiguration;
			buildSettings = {
				ALWAYS_SEARCH_USER_PATHS = NO;
				CLANG_CXX_LANGUAGE_STANDARD = "gnu++0x";
				CLANG_CXX_LIBRARY = "libc++";
				CLANG_ENABLE_MODULES = YES;
				CLANG_ENABLE_OBJC_ARC = YES;
				CLANG_WARN_BOOL_CONVERSION = YES;
				CLANG_WARN_CONSTANT_CONVERSION = YES;
				CLANG_WARN_DIRECT_OBJC_ISA_USAGE = YES_ERROR;
				CLANG_WARN_EMPTY_BODY = YES;
				CLANG_WARN_ENUM_CONVERSION = YES;
				CLANG_WARN_INT_CONVERSION = YES;
				CLANG_WARN_OBJC_ROOT_CLASS = YES_ERROR;
				CLANG_WARN_UNREACHABLE_CODE = YES;
				CLANG_WARN__DUPLICATE_METHOD_MATCH = YES;
				"CODE_SIGN_IDENTITY[sdk=iphoneos*]" = "iPhone Developer";
				COPY_PHASE_STRIP = NO;
				DEBUG_INFORMATION_FORMAT = "dwarf-with-dsym";
				ENABLE_STRICT_OBJC_MSGSEND = YES;
				GCC_C_LANGUAGE_STANDARD = gnu99;
				GCC_DYNAMIC_NO_PIC = NO;
				GCC_NO_COMMON_BLOCKS = YES;
				GCC_OPTIMIZATION_LEVEL = 0;
				GCC_PREPROCESSOR_DEFINITIONS = (
					"DEBUG=1",
					"$(inherited)",
				);
				GCC_SYMBOLS_PRIVATE_EXTERN = NO;
				GCC_WARN_64_TO_32_BIT_CONVERSION = YES;
				GCC_WARN_ABOUT_RETURN_TYPE = YES_ERROR;
				GCC_WARN_UNDECLARED_SELECTOR = YES;
				GCC_WARN_UNINITIALIZED_AUTOS = YES_AGGRESSIVE;
				GCC_WARN_UNUSED_FUNCTION = YES;
				GCC_WARN_UNUSED_VARIABLE = YES;
				IPHONEOS_DEPLOYMENT_TARGET = 8.4;
				MTL_ENABLE_DEBUG_INFO = YES;
				ONLY_ACTIVE_ARCH = YES;
				SDKROOT = iphoneos;
			};
			name = Debug;
		};
		3023BBD91BA867590085F258 /* Release */ = {
			isa = XCBuildConfiguration;
			buildSettings = {
				ALWAYS_SEARCH_USER_PATHS = NO;
				CLANG_CXX_LANGUAGE_STANDARD = "gnu++0x";
				CLANG_CXX_LIBRARY = "libc++";
				CLANG_ENABLE_MODULES = YES;
				CLANG_ENABLE_OBJC_ARC = YES;
				CLANG_WARN_BOOL_CONVERSION = YES;
				CLANG_WARN_CONSTANT_CONVERSION = YES;
				CLANG_WARN_DIRECT_OBJC_ISA_USAGE = YES_ERROR;
				CLANG_WARN_EMPTY_BODY = YES;
				CLANG_WARN_ENUM_CONVERSION = YES;
				CLANG_WARN_INT_CONVERSION = YES;
				CLANG_WARN_OBJC_ROOT_CLASS = YES_ERROR;
				CLANG_WARN_UNREACHABLE_CODE = YES;
				CLANG_WARN__DUPLICATE_METHOD_MATCH = YES;
				"CODE_SIGN_IDENTITY[sdk=iphoneos*]" = "iPhone Developer";
				COPY_PHASE_STRIP = NO;
				DEBUG_INFORMATION_FORMAT = "dwarf-with-dsym";
				ENABLE_NS_ASSERTIONS = NO;
				ENABLE_STRICT_OBJC_MSGSEND = YES;
				GCC_C_LANGUAGE_STANDARD = gnu99;
				GCC_NO_COMMON_BLOCKS = YES;
				GCC_WARN_64_TO_32_BIT_CONVERSION = YES;
				GCC_WARN_ABOUT_RETURN_TYPE = YES_ERROR;
				GCC_WARN_UNDECLARED_SELECTOR = YES;
				GCC_WARN_UNINITIALIZED_AUTOS = YES_AGGRESSIVE;
				GCC_WARN_UNUSED_FUNCTION = YES;
				GCC_WARN_UNUSED_VARIABLE = YES;
				IPHONEOS_DEPLOYMENT_TARGET = 8.4;
				MTL_ENABLE_DEBUG_INFO = NO;
				SDKROOT = iphoneos;
				VALIDATE_PRODUCT = YES;
			};
			name = Release;
		};
		3023BBDB1BA867590085F258 /* Debug */ = {
			isa = XCBuildConfiguration;
			buildSettings = {
				ASSETCATALOG_COMPILER_APPICON_NAME = AppIcon;
				INFOPLIST_FILE = xiaoxiaoApp/Info.plist;
				LD_RUNPATH_SEARCH_PATHS = "$(inherited) @executable_path/Frameworks";
				PRODUCT_NAME = "$(TARGET_NAME)";
			};
			name = Debug;
		};
		3023BBDC1BA867590085F258 /* Release */ = {
			isa = XCBuildConfiguration;
			buildSettings = {
				ASSETCATALOG_COMPILER_APPICON_NAME = AppIcon;
				INFOPLIST_FILE = xiaoxiaoApp/Info.plist;
				LD_RUNPATH_SEARCH_PATHS = "$(inherited) @executable_path/Frameworks";
				PRODUCT_NAME = "$(TARGET_NAME)";
			};
			name = Release;
		};
		3023BBDE1BA867590085F258 /* Debug */ = {
			isa = XCBuildConfiguration;
			buildSettings = {
				BUNDLE_LOADER = "$(TEST_HOST)";
				FRAMEWORK_SEARCH_PATHS = (
					"$(SDKROOT)/Developer/Library/Frameworks",
					"$(inherited)",
				);
				GCC_PREPROCESSOR_DEFINITIONS = (
					"DEBUG=1",
					"$(inherited)",
				);
				INFOPLIST_FILE = xiaoxiaoAppTests/Info.plist;
				LD_RUNPATH_SEARCH_PATHS = "$(inherited) @executable_path/Frameworks @loader_path/Frameworks";
				PRODUCT_NAME = "$(TARGET_NAME)";
				TEST_HOST = "$(BUILT_PRODUCTS_DIR)/xiaoxiaoApp.app/xiaoxiaoApp";
			};
			name = Debug;
		};
		3023BBDF1BA867590085F258 /* Release */ = {
			isa = XCBuildConfiguration;
			buildSettings = {
				BUNDLE_LOADER = "$(TEST_HOST)";
				FRAMEWORK_SEARCH_PATHS = (
					"$(SDKROOT)/Developer/Library/Frameworks",
					"$(inherited)",
				);
				INFOPLIST_FILE = xiaoxiaoAppTests/Info.plist;
				LD_RUNPATH_SEARCH_PATHS = "$(inherited) @executable_path/Frameworks @loader_path/Frameworks";
				PRODUCT_NAME = "$(TARGET_NAME)";
				TEST_HOST = "$(BUILT_PRODUCTS_DIR)/xiaoxiaoApp.app/xiaoxiaoApp";
			};
			name = Release;
		};
/* End XCBuildConfiguration section */

/* Begin XCConfigurationList section */
		3023BBAF1BA867580085F258 /* Build configuration list for PBXProject "xiaoxiaoApp" */ = {
			isa = XCConfigurationList;
			buildConfigurations = (
				3023BBD81BA867590085F258 /* Debug */,
				3023BBD91BA867590085F258 /* Release */,
			);
			defaultConfigurationIsVisible = 0;
			defaultConfigurationName = Release;
		};
		3023BBDA1BA867590085F258 /* Build configuration list for PBXNativeTarget "xiaoxiaoApp" */ = {
			isa = XCConfigurationList;
			buildConfigurations = (
				3023BBDB1BA867590085F258 /* Debug */,
				3023BBDC1BA867590085F258 /* Release */,
			);
			defaultConfigurationIsVisible = 0;
		};
		3023BBDD1BA867590085F258 /* Build configuration list for PBXNativeTarget "xiaoxiaoAppTests" */ = {
			isa = XCConfigurationList;
			buildConfigurations = (
				3023BBDE1BA867590085F258 /* Debug */,
				3023BBDF1BA867590085F258 /* Release */,
			);
			defaultConfigurationIsVisible = 0;
		};
/* End XCConfigurationList section */

/* Begin XCVersionGroup section */
		3023BBBE1BA867580085F258 /* xiaoxiaoApp.xcdatamodeld */ = {
			isa = XCVersionGroup;
			children = (
				3023BBBF1BA867580085F258 /* xiaoxiaoApp.xcdatamodel */,
			);
			currentVersion = 3023BBBF1BA867580085F258 /* xiaoxiaoApp.xcdatamodel */;
			path = xiaoxiaoApp.xcdatamodeld;
			sourceTree = "<group>";
			versionGroupType = wrapper.xcdatamodel;
		};
/* End XCVersionGroup section */
	};
	rootObject = 3023BBAC1BA867580085F258 /* Project object */;
}
